// !$*UTF8*$!
{
	archiveVersion = 1;
	classes = {
	};
	objectVersion = 77;
	objects = {

/* Begin PBXBuildFile section */
		07022500F5DB425E889EF388 /* OpenAPIViewerWindow.swift in Sources */ = {isa = PBXBuildFile; fileRef = 0715F5E2AE19615693F9D717 /* OpenAPIViewerWindow.swift */; };
		0E428250A85A20C088F150B1 /* ContentView.swift in Sources */ = {isa = PBXBuildFile; fileRef = FB0B257823831D5ADB6FD7E7 /* ContentView.swift */; };
		29760EED02C6AE5082274F60 /* WebViewRepresentable.swift in Sources */ = {isa = PBXBuildFile; fileRef = 1444C17D441FFBAC9C01EE1F /* WebViewRepresentable.swift */; };
		3C67F4AC78EB845EC6E780AB /* Assets.xcassets in Resources */ = {isa = PBXBuildFile; fileRef = 44DFCCC1083D59F0C494589D /* Assets.xcassets */; };
		4010A3ECA594A92F1C9EEFA8 /* PersonaToolkitApp.swift in Sources */ = {isa = PBXBuildFile; fileRef = 3EAB3546A222853502567FF1 /* PersonaToolkitApp.swift */; };
		4185C619B779C9ADFD227DF7 /* ContentView.swift in Sources */ = {isa = PBXBuildFile; fileRef = FB0B257823831D5ADB6FD7E7 /* ContentView.swift */; };
		41FE47D75899BDF255D25F38 /* WebViewRepresentable.swift in Sources */ = {isa = PBXBuildFile; fileRef = 1444C17D441FFBAC9C01EE1F /* WebViewRepresentable.swift */; };
		5B5A2864A676044CE153E7D6 /* WebViewRepresentable.swift in Sources */ = {isa = PBXBuildFile; fileRef = 1444C17D441FFBAC9C01EE1F /* WebViewRepresentable.swift */; };
		649658FD73B4CD21916FE647 /* ContentView.swift in Sources */ = {isa = PBXBuildFile; fileRef = FB0B257823831D5ADB6FD7E7 /* ContentView.swift */; };
		672C36A6F60F96C360FA07E6 /* PersonaToolkitApp.swift in Sources */ = {isa = PBXBuildFile; fileRef = 3EAB3546A222853502567FF1 /* PersonaToolkitApp.swift */; };
		6BB2D303982D6CC20A00D199 /* ContentView.swift in Sources */ = {isa = PBXBuildFile; fileRef = FB0B257823831D5ADB6FD7E7 /* ContentView.swift */; };
		6CDDC5799B2FF57FF0F1E4E5 /* PersonaToolkitApp.swift in Sources */ = {isa = PBXBuildFile; fileRef = 3EAB3546A222853502567FF1 /* PersonaToolkitApp.swift */; };
		6E4D84DB9C75970132DB7F63 /* Assets.xcassets in Resources */ = {isa = PBXBuildFile; fileRef = 44DFCCC1083D59F0C494589D /* Assets.xcassets */; };
		74EFC16F3AF6BD5FE75C3FF6 /* OpenAPIViewerWindow.swift in Sources */ = {isa = PBXBuildFile; fileRef = 0715F5E2AE19615693F9D717 /* OpenAPIViewerWindow.swift */; };
		81BB25F01E1A26DFE440EBE7 /* PersonaToolkitApp.swift in Sources */ = {isa = PBXBuildFile; fileRef = 3EAB3546A222853502567FF1 /* PersonaToolkitApp.swift */; };
		84714AB99C2190876D7AE94F /* ContentView.swift in Sources */ = {isa = PBXBuildFile; fileRef = FB0B257823831D5ADB6FD7E7 /* ContentView.swift */; };
		97A761CB5BCA241D54BD977E /* WebViewRepresentable.swift in Sources */ = {isa = PBXBuildFile; fileRef = 1444C17D441FFBAC9C01EE1F /* WebViewRepresentable.swift */; };
		9F47F2195366E20D297BA849 /* WebViewRepresentable.swift in Sources */ = {isa = PBXBuildFile; fileRef = 1444C17D441FFBAC9C01EE1F /* WebViewRepresentable.swift */; };
		A1CE31AAE59B0F05D06B0809 /* OpenAPIViewerWindow.swift in Sources */ = {isa = PBXBuildFile; fileRef = 0715F5E2AE19615693F9D717 /* OpenAPIViewerWindow.swift */; };
		B0AF5EB62AFDC02F86E7ED76 /* Assets.xcassets in Resources */ = {isa = PBXBuildFile; fileRef = 44DFCCC1083D59F0C494589D /* Assets.xcassets */; };
		B5260319FE02EAC3E3853CFB /* OpenAPIViewerWindow.swift in Sources */ = {isa = PBXBuildFile; fileRef = 0715F5E2AE19615693F9D717 /* OpenAPIViewerWindow.swift */; };
		B9010721F2D25041B0517F01 /* PersonaToolkitApp.swift in Sources */ = {isa = PBXBuildFile; fileRef = 3EAB3546A222853502567FF1 /* PersonaToolkitApp.swift */; };
		C517BFDA09682DB87B84A8EB /* OpenAPIViewerWindow.swift in Sources */ = {isa = PBXBuildFile; fileRef = 0715F5E2AE19615693F9D717 /* OpenAPIViewerWindow.swift */; };
		FB96016FE494EB2F275B077A /* Assets.xcassets in Resources */ = {isa = PBXBuildFile; fileRef = 44DFCCC1083D59F0C494589D /* Assets.xcassets */; };
		FC009D2563AD917E7F4DE8DB /* Assets.xcassets in Resources */ = {isa = PBXBuildFile; fileRef = 44DFCCC1083D59F0C494589D /* Assets.xcassets */; };
/* End PBXBuildFile section */

/* Begin PBXFileReference section */
		0715F5E2AE19615693F9D717 /* OpenAPIViewerWindow.swift */ = {isa = PBXFileReference; lastKnownFileType = sourcecode.swift; path = OpenAPIViewerWindow.swift; sourceTree = "<group>"; };
		1444C17D441FFBAC9C01EE1F /* WebViewRepresentable.swift */ = {isa = PBXFileReference; lastKnownFileType = sourcecode.swift; path = WebViewRepresentable.swift; sourceTree = "<group>"; };
		29C2704A1119489633EA1996 /* PersonaToolkitSampleApp-visionOS.app */ = {isa = PBXFileReference; includeInIndex = 0; lastKnownFileType = wrapper.application; path = "PersonaToolkitSampleApp-visionOS.app"; sourceTree = BUILT_PRODUCTS_DIR; };
		3E8D138CAAC39386C2FF5473 /* PersonaToolkitSampleApp-tvOS.app */ = {isa = PBXFileReference; includeInIndex = 0; lastKnownFileType = wrapper.application; path = "PersonaToolkitSampleApp-tvOS.app"; sourceTree = BUILT_PRODUCTS_DIR; };
		3EAB3546A222853502567FF1 /* PersonaToolkitApp.swift */ = {isa = PBXFileReference; lastKnownFileType = sourcecode.swift; path = PersonaToolkitApp.swift; sourceTree = "<group>"; };
		42E3BF17568BBF017CC09E92 /* PersonaToolkitSampleApp-watchOS.app */ = {isa = PBXFileReference; explicitFileType = wrapper.application; includeInIndex = 0; path = "PersonaToolkitSampleApp-watchOS.app"; sourceTree = BUILT_PRODUCTS_DIR; };
		44DFCCC1083D59F0C494589D /* Assets.xcassets */ = {isa = PBXFileReference; lastKnownFileType = folder.assetcatalog; path = Assets.xcassets; sourceTree = "<group>"; };
		8CBECE9B0E7D1E05784DAA5C /* PersonaToolkitSampleApp-iOS.app */ = {isa = PBXFileReference; includeInIndex = 0; lastKnownFileType = wrapper.application; path = "PersonaToolkitSampleApp-iOS.app"; sourceTree = BUILT_PRODUCTS_DIR; };
		BC0A344C27A5700463750D3D /* PersonaToolkitSampleApp-macOS.app */ = {isa = PBXFileReference; explicitFileType = wrapper.application; includeInIndex = 0; path = "PersonaToolkitSampleApp-macOS.app"; sourceTree = BUILT_PRODUCTS_DIR; };
		FB0B257823831D5ADB6FD7E7 /* ContentView.swift */ = {isa = PBXFileReference; lastKnownFileType = sourcecode.swift; path = ContentView.swift; sourceTree = "<group>"; };
/* End PBXFileReference section */

/* Begin PBXGroup section */
		4B8CCC33D2F16953CBF7D2FD /* Sources */ = {
			isa = PBXGroup;
			children = (
				FB0B257823831D5ADB6FD7E7 /* ContentView.swift */,
				0715F5E2AE19615693F9D717 /* OpenAPIViewerWindow.swift */,
				3EAB3546A222853502567FF1 /* PersonaToolkitApp.swift */,
				1444C17D441FFBAC9C01EE1F /* WebViewRepresentable.swift */,
			);
			path = Sources;
			sourceTree = "<group>";
		};
		782650D90E61D2A7AB8AB4B7 /* Products */ = {
			isa = PBXGroup;
			children = (
				8CBECE9B0E7D1E05784DAA5C /* PersonaToolkitSampleApp-iOS.app */,
				BC0A344C27A5700463750D3D /* PersonaToolkitSampleApp-macOS.app */,
				3E8D138CAAC39386C2FF5473 /* PersonaToolkitSampleApp-tvOS.app */,
				29C2704A1119489633EA1996 /* PersonaToolkitSampleApp-visionOS.app */,
				42E3BF17568BBF017CC09E92 /* PersonaToolkitSampleApp-watchOS.app */,
			);
			name = Products;
			sourceTree = "<group>";
		};
		78B94B951F41823754D5AB4D /* Resources */ = {
			isa = PBXGroup;
			children = (
				44DFCCC1083D59F0C494589D /* Assets.xcassets */,
			);
			path = Resources;
			sourceTree = "<group>";
		};
		FE8F3F69AFA16542D0411C4A = {
			isa = PBXGroup;
			children = (
				78B94B951F41823754D5AB4D /* Resources */,
				4B8CCC33D2F16953CBF7D2FD /* Sources */,
				782650D90E61D2A7AB8AB4B7 /* Products */,
			);
			sourceTree = "<group>";
		};
/* End PBXGroup section */

/* Begin PBXNativeTarget section */
		11D02C7A63FA059D8C813A4E /* PersonaToolkitSampleApp-tvOS */ = {
			isa = PBXNativeTarget;
			buildConfigurationList = 0389B53D9F093CD6E1055AE7 /* Build configuration list for PBXNativeTarget "PersonaToolkitSampleApp-tvOS" */;
			buildPhases = (
				70D4FF93E3F36A027ADC11B3 /* Sources */,
				D3C29AA7B3B402FC5ED7FC10 /* Resources */,
			);
			buildRules = (
			);
			dependencies = (
			);
			name = "PersonaToolkitSampleApp-tvOS";
			packageProductDependencies = (
			);
			productName = "PersonaToolkitSampleApp-tvOS";
			productReference = 3E8D138CAAC39386C2FF5473 /* PersonaToolkitSampleApp-tvOS.app */;
			productType = "com.apple.product-type.application";
		};
		4427D140B4B2378F9481D420 /* PersonaToolkitSampleApp-iOS */ = {
			isa = PBXNativeTarget;
			buildConfigurationList = 44853FE1F5FAEABA187CD6E7 /* Build configuration list for PBXNativeTarget "PersonaToolkitSampleApp-iOS" */;
			buildPhases = (
				5635E7CBCF31876655B5F876 /* Sources */,
				7D67236C414DB13E07A6A89F /* Resources */,
			);
			buildRules = (
			);
			dependencies = (
			);
			name = "PersonaToolkitSampleApp-iOS";
			packageProductDependencies = (
			);
			productName = "PersonaToolkitSampleApp-iOS";
			productReference = 8CBECE9B0E7D1E05784DAA5C /* PersonaToolkitSampleApp-iOS.app */;
			productType = "com.apple.product-type.application";
		};
		55C171969881198A5B7C8BE0 /* PersonaToolkitSampleApp-visionOS */ = {
			isa = PBXNativeTarget;
			buildConfigurationList = 591DFA4891DFDF8F6B42B901 /* Build configuration list for PBXNativeTarget "PersonaToolkitSampleApp-visionOS" */;
			buildPhases = (
				8F79341F86B9DFD4F6623C11 /* Sources */,
				79E51F4EDEDCB92F4E7131B3 /* Resources */,
			);
			buildRules = (
			);
			dependencies = (
			);
			name = "PersonaToolkitSampleApp-visionOS";
			packageProductDependencies = (
			);
			productName = "PersonaToolkitSampleApp-visionOS";
			productReference = 29C2704A1119489633EA1996 /* PersonaToolkitSampleApp-visionOS.app */;
			productType = "com.apple.product-type.application";
		};
		B8A617404F25D23BCA39AB3D /* PersonaToolkitSampleApp-watchOS */ = {
			isa = PBXNativeTarget;
			buildConfigurationList = 8031E677D01222A99F8D4252 /* Build configuration list for PBXNativeTarget "PersonaToolkitSampleApp-watchOS" */;
			buildPhases = (
				4B77210EC90E2974156730AB /* Sources */,
				B69189997CEBE0DE4FD2D9B1 /* Resources */,
			);
			buildRules = (
			);
			dependencies = (
			);
			name = "PersonaToolkitSampleApp-watchOS";
			packageProductDependencies = (
			);
			productName = "PersonaToolkitSampleApp-watchOS";
			productReference = 42E3BF17568BBF017CC09E92 /* PersonaToolkitSampleApp-watchOS.app */;
			productType = "com.apple.product-type.application";
		};
		E2EA7C682F83E950B2FE8922 /* PersonaToolkitSampleApp-macOS */ = {
			isa = PBXNativeTarget;
			buildConfigurationList = 898470FB1526AB8E4862AC65 /* Build configuration list for PBXNativeTarget "PersonaToolkitSampleApp-macOS" */;
			buildPhases = (
				2B02EA3EA09FC6FAB8E04106 /* Sources */,
				075316A09AB23A337EA1E4E4 /* Resources */,
			);
			buildRules = (
			);
			dependencies = (
			);
			name = "PersonaToolkitSampleApp-macOS";
			packageProductDependencies = (
			);
			productName = "PersonaToolkitSampleApp-macOS";
			productReference = BC0A344C27A5700463750D3D /* PersonaToolkitSampleApp-macOS.app */;
			productType = "com.apple.product-type.application";
		};
/* End PBXNativeTarget section */

/* Begin PBXProject section */
		681D04452EE22B8AA617D389 /* Project object */ = {
			isa = PBXProject;
			attributes = {
				BuildIndependentTargetsInParallel = YES;
				LastUpgradeCheck = 1430;
				TargetAttributes = {
					11D02C7A63FA059D8C813A4E = {
						ProvisioningStyle = Automatic;
					};
					4427D140B4B2378F9481D420 = {
						ProvisioningStyle = Automatic;
					};
					55C171969881198A5B7C8BE0 = {
						ProvisioningStyle = Automatic;
					};
					B8A617404F25D23BCA39AB3D = {
						ProvisioningStyle = Automatic;
					};
					E2EA7C682F83E950B2FE8922 = {
						ProvisioningStyle = Automatic;
					};
				};
			};
			buildConfigurationList = E16C04674283617BF44D31BE /* Build configuration list for PBXProject "PersonaToolkitSampleApp" */;
			developmentRegion = en;
			hasScannedForEncodings = 0;
			knownRegions = (
				Base,
				en,
			);
			mainGroup = FE8F3F69AFA16542D0411C4A;
			minimizedProjectReferenceProxies = 1;
			preferredProjectObjectVersion = 77;
			productRefGroup = 782650D90E61D2A7AB8AB4B7 /* Products */;
			projectDirPath = "";
			projectRoot = "";
			targets = (
				4427D140B4B2378F9481D420 /* PersonaToolkitSampleApp-iOS */,
				E2EA7C682F83E950B2FE8922 /* PersonaToolkitSampleApp-macOS */,
				11D02C7A63FA059D8C813A4E /* PersonaToolkitSampleApp-tvOS */,
				55C171969881198A5B7C8BE0 /* PersonaToolkitSampleApp-visionOS */,
				B8A617404F25D23BCA39AB3D /* PersonaToolkitSampleApp-watchOS */,
			);
		};
/* End PBXProject section */

/* Begin PBXResourcesBuildPhase section */
		075316A09AB23A337EA1E4E4 /* Resources */ = {
			isa = PBXResourcesBuildPhase;
			buildActionMask = 2147483647;
			files = (
				3C67F4AC78EB845EC6E780AB /* Assets.xcassets in Resources */,
			);
			runOnlyForDeploymentPostprocessing = 0;
		};
		79E51F4EDEDCB92F4E7131B3 /* Resources */ = {
			isa = PBXResourcesBuildPhase;
			buildActionMask = 2147483647;
			files = (
				FB96016FE494EB2F275B077A /* Assets.xcassets in Resources */,
			);
			runOnlyForDeploymentPostprocessing = 0;
		};
		7D67236C414DB13E07A6A89F /* Resources */ = {
			isa = PBXResourcesBuildPhase;
			buildActionMask = 2147483647;
			files = (
				6E4D84DB9C75970132DB7F63 /* Assets.xcassets in Resources */,
			);
			runOnlyForDeploymentPostprocessing = 0;
		};
		B69189997CEBE0DE4FD2D9B1 /* Resources */ = {
			isa = PBXResourcesBuildPhase;
			buildActionMask = 2147483647;
			files = (
				FC009D2563AD917E7F4DE8DB /* Assets.xcassets in Resources */,
			);
			runOnlyForDeploymentPostprocessing = 0;
		};
		D3C29AA7B3B402FC5ED7FC10 /* Resources */ = {
			isa = PBXResourcesBuildPhase;
			buildActionMask = 2147483647;
			files = (
				B0AF5EB62AFDC02F86E7ED76 /* Assets.xcassets in Resources */,
			);
			runOnlyForDeploymentPostprocessing = 0;
		};
/* End PBXResourcesBuildPhase section */

/* Begin PBXSourcesBuildPhase section */
		2B02EA3EA09FC6FAB8E04106 /* Sources */ = {
			isa = PBXSourcesBuildPhase;
			buildActionMask = 2147483647;
			files = (
				6BB2D303982D6CC20A00D199 /* ContentView.swift in Sources */,
				07022500F5DB425E889EF388 /* OpenAPIViewerWindow.swift in Sources */,
				4010A3ECA594A92F1C9EEFA8 /* PersonaToolkitApp.swift in Sources */,
				5B5A2864A676044CE153E7D6 /* WebViewRepresentable.swift in Sources */,
			);
			runOnlyForDeploymentPostprocessing = 0;
		};
		4B77210EC90E2974156730AB /* Sources */ = {
			isa = PBXSourcesBuildPhase;
			buildActionMask = 2147483647;
			files = (
				4185C619B779C9ADFD227DF7 /* ContentView.swift in Sources */,
				74EFC16F3AF6BD5FE75C3FF6 /* OpenAPIViewerWindow.swift in Sources */,
				B9010721F2D25041B0517F01 /* PersonaToolkitApp.swift in Sources */,
				29760EED02C6AE5082274F60 /* WebViewRepresentable.swift in Sources */,
			);
			runOnlyForDeploymentPostprocessing = 0;
		};
		5635E7CBCF31876655B5F876 /* Sources */ = {
			isa = PBXSourcesBuildPhase;
			buildActionMask = 2147483647;
			files = (
				84714AB99C2190876D7AE94F /* ContentView.swift in Sources */,
				A1CE31AAE59B0F05D06B0809 /* OpenAPIViewerWindow.swift in Sources */,
				672C36A6F60F96C360FA07E6 /* PersonaToolkitApp.swift in Sources */,
				9F47F2195366E20D297BA849 /* WebViewRepresentable.swift in Sources */,
			);
			runOnlyForDeploymentPostprocessing = 0;
		};
		70D4FF93E3F36A027ADC11B3 /* Sources */ = {
			isa = PBXSourcesBuildPhase;
			buildActionMask = 2147483647;
			files = (
				649658FD73B4CD21916FE647 /* ContentView.swift in Sources */,
				B5260319FE02EAC3E3853CFB /* OpenAPIViewerWindow.swift in Sources */,
				81BB25F01E1A26DFE440EBE7 /* PersonaToolkitApp.swift in Sources */,
				41FE47D75899BDF255D25F38 /* WebViewRepresentable.swift in Sources */,
			);
			runOnlyForDeploymentPostprocessing = 0;
		};
		8F79341F86B9DFD4F6623C11 /* Sources */ = {
			isa = PBXSourcesBuildPhase;
			buildActionMask = 2147483647;
			files = (
				0E428250A85A20C088F150B1 /* ContentView.swift in Sources */,
				C517BFDA09682DB87B84A8EB /* OpenAPIViewerWindow.swift in Sources */,
				6CDDC5799B2FF57FF0F1E4E5 /* PersonaToolkitApp.swift in Sources */,
				97A761CB5BCA241D54BD977E /* WebViewRepresentable.swift in Sources */,
			);
			runOnlyForDeploymentPostprocessing = 0;
		};
/* End PBXSourcesBuildPhase section */

/* Begin XCBuildConfiguration section */
		06441151888427ED9A719C7F /* Release */ = {
			isa = XCBuildConfiguration;
			buildSettings = {
				ASSETCATALOG_COMPILER_APPICON_NAME = AppIcon;
				LD_RUNPATH_SEARCH_PATHS = (
					"$(inherited)",
					"@executable_path/Frameworks",
				);
				PRODUCT_BUNDLE_IDENTIFIER = com.mikefullerton.PersonaToolkit.visionos;
				SDKROOT = xros;
				TARGETED_DEVICE_FAMILY = 7;
			};
			name = Release;
		};
		623F049B01ADCF2641AC0930 /* Debug */ = {
			isa = XCBuildConfiguration;
			buildSettings = {
				ASSETCATALOG_COMPILER_APPICON_NAME = AppIcon;
				CODE_SIGN_IDENTITY = "-";
				COMBINE_HIDPI_IMAGES = YES;
				ENABLE_HARDENED_RUNTIME = YES;
				INFOPLIST_KEY_LSApplicationCategoryType = "public.app-category.developer-tools";
				LD_RUNPATH_SEARCH_PATHS = (
					"$(inherited)",
					"@executable_path/../Frameworks",
				);
				PRODUCT_BUNDLE_IDENTIFIER = com.mikefullerton.PersonaToolkit.macos;
				SDKROOT = macosx;
			};
			name = Debug;
		};
		6518E7894042C5DB34AB49C6 /* Release */ = {
			isa = XCBuildConfiguration;
			buildSettings = {
				ASSETCATALOG_COMPILER_APPICON_NAME = AppIcon;
				CODE_SIGN_IDENTITY = "iPhone Developer";
				INFOPLIST_KEY_UIApplicationSceneManifest_Generation = YES;
				INFOPLIST_KEY_UILaunchScreen_Generation = YES;
				INFOPLIST_KEY_UISupportedInterfaceOrientations = "UIInterfaceOrientationPortrait UIInterfaceOrientationLandscapeLeft UIInterfaceOrientationLandscapeRight";
				LD_RUNPATH_SEARCH_PATHS = (
					"$(inherited)",
					"@executable_path/Frameworks",
				);
				PRODUCT_BUNDLE_IDENTIFIER = com.mikefullerton.PersonaToolkit.ios;
				SDKROOT = iphoneos;
				TARGETED_DEVICE_FAMILY = "1,2";
			};
			name = Release;
		};
		701B855CD8A2B09A7AD7E0F7 /* Release */ = {
			isa = XCBuildConfiguration;
			buildSettings = {
				ASSETCATALOG_COMPILER_APPICON_NAME = AppIcon;
				INFOPLIST_KEY_WKApplication = YES;
				INFOPLIST_KEY_WKRunsIndependentlyOfCompanionApp = YES;
				PRODUCT_BUNDLE_IDENTIFIER = com.mikefullerton.PersonaToolkit.watchos;
				SDKROOT = watchos;
				SKIP_INSTALL = YES;
				TARGETED_DEVICE_FAMILY = 4;
			};
			name = Release;
		};
		7BA2DB1DD5AD1D6663048628 /* Debug */ = {
			isa = XCBuildConfiguration;
			buildSettings = {
				ASSETCATALOG_COMPILER_APPICON_NAME = "App Icon & Top Shelf Image";
				ASSETCATALOG_COMPILER_LAUNCHIMAGE_NAME = LaunchImage;
				LD_RUNPATH_SEARCH_PATHS = (
					"$(inherited)",
					"@executable_path/Frameworks",
				);
				PRODUCT_BUNDLE_IDENTIFIER = com.mikefullerton.PersonaToolkit.tvos;
				SDKROOT = appletvos;
				TARGETED_DEVICE_FAMILY = 3;
			};
			name = Debug;
		};
		91E31DEB6061CD67A676F531 /* Debug */ = {
			isa = XCBuildConfiguration;
			buildSettings = {
				ASSETCATALOG_COMPILER_APPICON_NAME = AppIcon;
				LD_RUNPATH_SEARCH_PATHS = (
					"$(inherited)",
					"@executable_path/Frameworks",
				);
				PRODUCT_BUNDLE_IDENTIFIER = com.mikefullerton.PersonaToolkit.visionos;
				SDKROOT = xros;
				TARGETED_DEVICE_FAMILY = 7;
			};
			name = Debug;
		};
		94CCC6BA8313FFC39F8091F6 /* Release */ = {
			isa = XCBuildConfiguration;
			buildSettings = {
				ALWAYS_SEARCH_USER_PATHS = NO;
				ASSETCATALOG_COMPILER_APPICON_NAME = AppIcon;
				ASSETCATALOG_COMPILER_GLOBAL_ACCENT_COLOR_NAME = AccentColor;
				CLANG_ANALYZER_NONNULL = YES;
				CLANG_ANALYZER_NUMBER_OBJECT_CONVERSION = YES_AGGRESSIVE;
				CLANG_CXX_LANGUAGE_STANDARD = "gnu++14";
				CLANG_CXX_LIBRARY = "libc++";
				CLANG_ENABLE_MODULES = YES;
				CLANG_ENABLE_OBJC_ARC = YES;
				CLANG_ENABLE_OBJC_WEAK = YES;
				CLANG_WARN_BLOCK_CAPTURE_AUTORELEASING = YES;
				CLANG_WARN_BOOL_CONVERSION = YES;
				CLANG_WARN_COMMA = YES;
				CLANG_WARN_CONSTANT_CONVERSION = YES;
				CLANG_WARN_DEPRECATED_OBJC_IMPLEMENTATIONS = YES;
				CLANG_WARN_DIRECT_OBJC_ISA_USAGE = YES_ERROR;
				CLANG_WARN_DOCUMENTATION_COMMENTS = YES;
				CLANG_WARN_EMPTY_BODY = YES;
				CLANG_WARN_ENUM_CONVERSION = YES;
				CLANG_WARN_INFINITE_RECURSION = YES;
				CLANG_WARN_INT_CONVERSION = YES;
				CLANG_WARN_NON_LITERAL_NULL_CONVERSION = YES;
				CLANG_WARN_OBJC_IMPLICIT_RETAIN_SELF = YES;
				CLANG_WARN_OBJC_LITERAL_CONVERSION = YES;
				CLANG_WARN_OBJC_ROOT_CLASS = YES_ERROR;
				CLANG_WARN_QUOTED_INCLUDE_IN_FRAMEWORK_HEADER = YES;
				CLANG_WARN_RANGE_LOOP_ANALYSIS = YES;
				CLANG_WARN_STRICT_PROTOTYPES = YES;
				CLANG_WARN_SUSPICIOUS_MOVE = YES;
				CLANG_WARN_UNGUARDED_AVAILABILITY = YES_AGGRESSIVE;
				CLANG_WARN_UNREACHABLE_CODE = YES;
				CLANG_WARN__DUPLICATE_METHOD_MATCH = YES;
				CODE_SIGN_STYLE = Automatic;
				COPY_PHASE_STRIP = NO;
				CURRENT_PROJECT_VERSION = 1;
				DEBUG_INFORMATION_FORMAT = "dwarf-with-dsym";
				ENABLE_NS_ASSERTIONS = NO;
				ENABLE_STRICT_OBJC_MSGSEND = YES;
				GCC_C_LANGUAGE_STANDARD = gnu11;
				GCC_NO_COMMON_BLOCKS = YES;
				GCC_WARN_64_TO_32_BIT_CONVERSION = YES;
				GCC_WARN_ABOUT_RETURN_TYPE = YES_ERROR;
				GCC_WARN_UNDECLARED_SELECTOR = YES;
				GCC_WARN_UNINITIALIZED_AUTOS = YES_AGGRESSIVE;
				GCC_WARN_UNUSED_FUNCTION = YES;
				GCC_WARN_UNUSED_VARIABLE = YES;
				GENERATE_INFOPLIST_FILE = YES;
				IPHONEOS_DEPLOYMENT_TARGET = 17.0;
				MACOSX_DEPLOYMENT_TARGET = 14.0;
				MARKETING_VERSION = 0.1.0;
				MTL_ENABLE_DEBUG_INFO = NO;
				MTL_FAST_MATH = YES;
				PRODUCT_NAME = "Persona Toolkit";
				SWIFT_COMPILATION_MODE = wholemodule;
				SWIFT_OPTIMIZATION_LEVEL = "-O";
				SWIFT_VERSION = 5.10;
				TVOS_DEPLOYMENT_TARGET = 17.0;
				WATCHOS_DEPLOYMENT_TARGET = 10.0;
				XROS_DEPLOYMENT_TARGET = 1.0;
			};
			name = Release;
		};
		9E986BD1BB6EF1F53CC4D50D /* Release */ = {
			isa = XCBuildConfiguration;
			buildSettings = {
				ASSETCATALOG_COMPILER_APPICON_NAME = "App Icon & Top Shelf Image";
				ASSETCATALOG_COMPILER_LAUNCHIMAGE_NAME = LaunchImage;
				LD_RUNPATH_SEARCH_PATHS = (
					"$(inherited)",
					"@executable_path/Frameworks",
				);
				PRODUCT_BUNDLE_IDENTIFIER = com.mikefullerton.PersonaToolkit.tvos;
				SDKROOT = appletvos;
				TARGETED_DEVICE_FAMILY = 3;
			};
			name = Release;
		};
		CF943392B26EAE4AD6D937CA /* Debug */ = {
			isa = XCBuildConfiguration;
			buildSettings = {
				ASSETCATALOG_COMPILER_APPICON_NAME = AppIcon;
				INFOPLIST_KEY_WKApplication = YES;
				INFOPLIST_KEY_WKRunsIndependentlyOfCompanionApp = YES;
				PRODUCT_BUNDLE_IDENTIFIER = com.mikefullerton.PersonaToolkit.watchos;
				SDKROOT = watchos;
				SKIP_INSTALL = YES;
				TARGETED_DEVICE_FAMILY = 4;
			};
			name = Debug;
		};
		D3B5512EDD80B3A29E3A8851 /* Debug */ = {
			isa = XCBuildConfiguration;
			buildSettings = {
				ASSETCATALOG_COMPILER_APPICON_NAME = AppIcon;
				CODE_SIGN_IDENTITY = "iPhone Developer";
				INFOPLIST_KEY_UIApplicationSceneManifest_Generation = YES;
				INFOPLIST_KEY_UILaunchScreen_Generation = YES;
				INFOPLIST_KEY_UISupportedInterfaceOrientations = "UIInterfaceOrientationPortrait UIInterfaceOrientationLandscapeLeft UIInterfaceOrientationLandscapeRight";
				LD_RUNPATH_SEARCH_PATHS = (
					"$(inherited)",
					"@executable_path/Frameworks",
				);
				PRODUCT_BUNDLE_IDENTIFIER = com.mikefullerton.PersonaToolkit.ios;
				SDKROOT = iphoneos;
				TARGETED_DEVICE_FAMILY = "1,2";
			};
			name = Debug;
		};
		EC13D2AC45E6A3603B7496EA /* Release */ = {
			isa = XCBuildConfiguration;
			buildSettings = {
				ASSETCATALOG_COMPILER_APPICON_NAME = AppIcon;
				CODE_SIGN_IDENTITY = "-";
				COMBINE_HIDPI_IMAGES = YES;
				ENABLE_HARDENED_RUNTIME = YES;
				INFOPLIST_KEY_LSApplicationCategoryType = "public.app-category.developer-tools";
				LD_RUNPATH_SEARCH_PATHS = (
					"$(inherited)",
					"@executable_path/../Frameworks",
				);
				PRODUCT_BUNDLE_IDENTIFIER = com.mikefullerton.PersonaToolkit.macos;
				SDKROOT = macosx;
			};
			name = Release;
		};
		FD7814AA281141697C6EF0CD /* Debug */ = {
			isa = XCBuildConfiguration;
			buildSettings = {
				ALWAYS_SEARCH_USER_PATHS = NO;
				ASSETCATALOG_COMPILER_APPICON_NAME = AppIcon;
				ASSETCATALOG_COMPILER_GLOBAL_ACCENT_COLOR_NAME = AccentColor;
				CLANG_ANALYZER_NONNULL = YES;
				CLANG_ANALYZER_NUMBER_OBJECT_CONVERSION = YES_AGGRESSIVE;
				CLANG_CXX_LANGUAGE_STANDARD = "gnu++14";
				CLANG_CXX_LIBRARY = "libc++";
				CLANG_ENABLE_MODULES = YES;
				CLANG_ENABLE_OBJC_ARC = YES;
				CLANG_ENABLE_OBJC_WEAK = YES;
				CLANG_WARN_BLOCK_CAPTURE_AUTORELEASING = YES;
				CLANG_WARN_BOOL_CONVERSION = YES;
				CLANG_WARN_COMMA = YES;
				CLANG_WARN_CONSTANT_CONVERSION = YES;
				CLANG_WARN_DEPRECATED_OBJC_IMPLEMENTATIONS = YES;
				CLANG_WARN_DIRECT_OBJC_ISA_USAGE = YES_ERROR;
				CLANG_WARN_DOCUMENTATION_COMMENTS = YES;
				CLANG_WARN_EMPTY_BODY = YES;
				CLANG_WARN_ENUM_CONVERSION = YES;
				CLANG_WARN_INFINITE_RECURSION = YES;
				CLANG_WARN_INT_CONVERSION = YES;
				CLANG_WARN_NON_LITERAL_NULL_CONVERSION = YES;
				CLANG_WARN_OBJC_IMPLICIT_RETAIN_SELF = YES;
				CLANG_WARN_OBJC_LITERAL_CONVERSION = YES;
				CLANG_WARN_OBJC_ROOT_CLASS = YES_ERROR;
				CLANG_WARN_QUOTED_INCLUDE_IN_FRAMEWORK_HEADER = YES;
				CLANG_WARN_RANGE_LOOP_ANALYSIS = YES;
				CLANG_WARN_STRICT_PROTOTYPES = YES;
				CLANG_WARN_SUSPICIOUS_MOVE = YES;
				CLANG_WARN_UNGUARDED_AVAILABILITY = YES_AGGRESSIVE;
				CLANG_WARN_UNREACHABLE_CODE = YES;
				CLANG_WARN__DUPLICATE_METHOD_MATCH = YES;
				CODE_SIGN_STYLE = Automatic;
				COPY_PHASE_STRIP = NO;
				CURRENT_PROJECT_VERSION = 1;
				DEBUG_INFORMATION_FORMAT = dwarf;
				ENABLE_STRICT_OBJC_MSGSEND = YES;
				ENABLE_TESTABILITY = YES;
				GCC_C_LANGUAGE_STANDARD = gnu11;
				GCC_DYNAMIC_NO_PIC = NO;
				GCC_NO_COMMON_BLOCKS = YES;
				GCC_OPTIMIZATION_LEVEL = 0;
				GCC_PREPROCESSOR_DEFINITIONS = (
					"$(inherited)",
					"DEBUG=1",
				);
				GCC_WARN_64_TO_32_BIT_CONVERSION = YES;
				GCC_WARN_ABOUT_RETURN_TYPE = YES_ERROR;
				GCC_WARN_UNDECLARED_SELECTOR = YES;
				GCC_WARN_UNINITIALIZED_AUTOS = YES_AGGRESSIVE;
				GCC_WARN_UNUSED_FUNCTION = YES;
				GCC_WARN_UNUSED_VARIABLE = YES;
				GENERATE_INFOPLIST_FILE = YES;
				IPHONEOS_DEPLOYMENT_TARGET = 17.0;
				MACOSX_DEPLOYMENT_TARGET = 14.0;
				MARKETING_VERSION = 0.1.0;
				MTL_ENABLE_DEBUG_INFO = INCLUDE_SOURCE;
				MTL_FAST_MATH = YES;
				ONLY_ACTIVE_ARCH = YES;
				PRODUCT_NAME = "Persona Toolkit";
				SWIFT_ACTIVE_COMPILATION_CONDITIONS = DEBUG;
				SWIFT_OPTIMIZATION_LEVEL = "-Onone";
				SWIFT_VERSION = 5.10;
				TVOS_DEPLOYMENT_TARGET = 17.0;
				WATCHOS_DEPLOYMENT_TARGET = 10.0;
				XROS_DEPLOYMENT_TARGET = 1.0;
			};
			name = Debug;
		};
/* End XCBuildConfiguration section */

/* Begin XCConfigurationList section */
		0389B53D9F093CD6E1055AE7 /* Build configuration list for PBXNativeTarget "PersonaToolkitSampleApp-tvOS" */ = {
			isa = XCConfigurationList;
			buildConfigurations = (
				7BA2DB1DD5AD1D6663048628 /* Debug */,
				9E986BD1BB6EF1F53CC4D50D /* Release */,
			);
			defaultConfigurationIsVisible = 0;
			defaultConfigurationName = Debug;
		};
		44853FE1F5FAEABA187CD6E7 /* Build configuration list for PBXNativeTarget "PersonaToolkitSampleApp-iOS" */ = {
			isa = XCConfigurationList;
			buildConfigurations = (
				D3B5512EDD80B3A29E3A8851 /* Debug */,
				6518E7894042C5DB34AB49C6 /* Release */,
			);
			defaultConfigurationIsVisible = 0;
			defaultConfigurationName = Debug;
		};
		591DFA4891DFDF8F6B42B901 /* Build configuration list for PBXNativeTarget "PersonaToolkitSampleApp-visionOS" */ = {
			isa = XCConfigurationList;
			buildConfigurations = (
				91E31DEB6061CD67A676F531 /* Debug */,
				06441151888427ED9A719C7F /* Release */,
			);
			defaultConfigurationIsVisible = 0;
			defaultConfigurationName = Debug;
		};
		8031E677D01222A99F8D4252 /* Build configuration list for PBXNativeTarget "PersonaToolkitSampleApp-watchOS" */ = {
			isa = XCConfigurationList;
			buildConfigurations = (
				CF943392B26EAE4AD6D937CA /* Debug */,
				701B855CD8A2B09A7AD7E0F7 /* Release */,
			);
			defaultConfigurationIsVisible = 0;
			defaultConfigurationName = Debug;
		};
		898470FB1526AB8E4862AC65 /* Build configuration list for PBXNativeTarget "PersonaToolkitSampleApp-macOS" */ = {
			isa = XCConfigurationList;
			buildConfigurations = (
				623F049B01ADCF2641AC0930 /* Debug */,
				EC13D2AC45E6A3603B7496EA /* Release */,
			);
			defaultConfigurationIsVisible = 0;
			defaultConfigurationName = Debug;
		};
		E16C04674283617BF44D31BE /* Build configuration list for PBXProject "PersonaToolkitSampleApp" */ = {
			isa = XCConfigurationList;
			buildConfigurations = (
				FD7814AA281141697C6EF0CD /* Debug */,
				94CCC6BA8313FFC39F8091F6 /* Release */,
			);
			defaultConfigurationIsVisible = 0;
			defaultConfigurationName = Debug;
		};
/* End XCConfigurationList section */
	};
	rootObject = 681D04452EE22B8AA617D389 /* Project object */;
}
